
Microsoft Visual Studio Solution File, Format Version 12.00
# Visual Studio Version 17
VisualStudioVersion = 17.8.34525.116
MinimumVisualStudioVersion = 10.0.40219.1
Project("{FAE04EC0-301F-11D3-BF4B-00C04F79EFBC}") = "ExercicioFor", "ExercicioFor\ExercicioFor.csproj", "{7E1B2F2D-087D-46A6-B0E5-100742829A24}"
EndProject
Project("{FAE04EC0-301F-11D3-BF4B-00C04F79EFBC}") = "FinalmenteTesteDeArraysMeu", "FinalmenteTesteDeArraysMeu\FinalmenteTesteDeArraysMeu.csproj", "{1685E2C2-2F91-46BB-97F8-C52C7A54A1B5}"
EndProject
Project("{FAE04EC0-301F-11D3-BF4B-00C04F79EFBC}") = "ShowIngressos", "ShowIngressos\ShowIngressos.csproj", "{FB6C78DF-A01F-4D61-A22D-308210345E1B}"
EndProject
Global
	GlobalSection(SolutionConfigurationPlatforms) = preSolution
		Debug|Any CPU = Debug|Any CPU
		Release|Any CPU = Release|Any CPU
	EndGlobalSection
	GlobalSection(ProjectConfigurationPlatforms) = postSolution
		{7E1B2F2D-087D-46A6-B0E5-100742829A24}.Debug|Any CPU.ActiveCfg = Debug|Any CPU
		{7E1B2F2D-087D-46A6-B0E5-100742829A24}.Debug|Any CPU.Build.0 = Debug|Any CPU
		{7E1B2F2D-087D-46A6-B0E5-100742829A24}.Release|Any CPU.ActiveCfg = Release|Any CPU
		{7E1B2F2D-087D-46A6-B0E5-100742829A24}.Release|Any CPU.Build.0 = Release|Any CPU
		{1685E2C2-2F91-46BB-97F8-C52C7A54A1B5}.Debug|Any CPU.ActiveCfg = Debug|Any CPU
		{1685E2C2-2F91-46BB-97F8-C52C7A54A1B5}.Debug|Any CPU.Build.0 = Debug|Any CPU
		{1685E2C2-2F91-46BB-97F8-C52C7A54A1B5}.Release|Any CPU.ActiveCfg = Release|Any CPU
		{1685E2C2-2F91-46BB-97F8-C52C7A54A1B5}.Release|Any CPU.Build.0 = Release|Any CPU
		{FB6C78DF-A01F-4D61-A22D-308210345E1B}.Debug|Any CPU.ActiveCfg = Debug|Any CPU
		{FB6C78DF-A01F-4D61-A22D-308210345E1B}.Debug|Any CPU.Build.0 = Debug|Any CPU
		{FB6C78DF-A01F-4D61-A22D-308210345E1B}.Release|Any CPU.ActiveCfg = Release|Any CPU
		{FB6C78DF-A01F-4D61-A22D-308210345E1B}.Release|Any CPU.Build.0 = Release|Any CPU
	EndGlobalSection
	GlobalSection(SolutionProperties) = preSolution
		HideSolutionNode = FALSE
	EndGlobalSection
	GlobalSection(ExtensibilityGlobals) = postSolution
		SolutionGuid = {E906F31F-5673-4176-92A4-65988F122510}
	EndGlobalSection
EndGlobal
